{
  "requires": true,
  "lockfileVersion": 1,
  "dependencies": {
    "@ckeditor/ckeditor5-alignment": {
      "version": "16.0.0",
      "resolved": "https://registry.npmjs.org/@ckeditor/ckeditor5-alignment/-/ckeditor5-alignment-16.0.0.tgz",
      "integrity": "sha512-yf04et0jSZ4Khhzl/t3GXLbsNMTH0qnyvcDDyIXm8Tu4Qec6c6h2xeCWBNp9cz0gab/91bYFtWReKd/swztMtg==",
      "requires": {
        "@ckeditor/ckeditor5-core": "^16.0.0",
        "@ckeditor/ckeditor5-ui": "^16.0.0"
      }
    },
    "@ckeditor/ckeditor5-build-classic": {
      "version": "16.0.0",
      "resolved": "https://registry.npmjs.org/@ckeditor/ckeditor5-build-classic/-/ckeditor5-build-classic-16.0.0.tgz",
      "integrity": "sha512-gBfZqWg3hmCvhq6/wX5UJp4qwl6gB+NJPpOkya2Y3jWKA0HKf3UdlhIvaHq7dRaqhi4unmqaJZVEk5VpZ1vDOg=="
    },
    "@ckeditor/ckeditor5-core": {
      "version": "16.0.0",
      "resolved": "https://registry.npmjs.org/@ckeditor/ckeditor5-core/-/ckeditor5-core-16.0.0.tgz",
      "integrity": "sha512-JKYnoXgfULjfAGRgVmf9/at3gGikfzKwGp4O8RpE3NYGeb/xH6hSgj2mUE9QwqyAY5at1QLnio5ZvU2HiWL4pA==",
      "requires": {
        "@ckeditor/ckeditor5-engine": "^16.0.0",
        "@ckeditor/ckeditor5-utils": "^16.0.0",
        "lodash-es": "^4.17.10"
      }
    },
    "@ckeditor/ckeditor5-engine": {
      "version": "16.0.0",
      "resolved": "https://registry.npmjs.org/@ckeditor/ckeditor5-engine/-/ckeditor5-engine-16.0.0.tgz",
      "integrity": "sha512-2p0DT/1B+UyVAwNkkaNaG4wGkrR0TNQuPJ1c5TEMWb9NVk3mhIOJ+6lPVl0ApP3tmMALol+pLmXLX5aht6Ewnw==",
      "requires": {
        "@ckeditor/ckeditor5-utils": "^16.0.0",
        "lodash-es": "^4.17.10"
      }
    },
    "@ckeditor/ckeditor5-ui": {
      "version": "16.0.0",
      "resolved": "https://registry.npmjs.org/@ckeditor/ckeditor5-ui/-/ckeditor5-ui-16.0.0.tgz",
      "integrity": "sha512-7mwIRajaN9Mf6S5ZkqWAOt/Rqy6GNS3WxhwaayMym7b1XI4oVIrxEKoun3DoKnKp3bTBMcWdQFJfsRvja2X2hA==",
      "requires": {
        "@ckeditor/ckeditor5-core": "^16.0.0",
        "@ckeditor/ckeditor5-utils": "^16.0.0",
        "lodash-es": "^4.17.10"
      }
    },
    "@ckeditor/ckeditor5-utils": {
      "version": "16.0.0",
      "resolved": "https://registry.npmjs.org/@ckeditor/ckeditor5-utils/-/ckeditor5-utils-16.0.0.tgz",
      "integrity": "sha512-EMrKmVmxfyuttGlbZI0eK7stYigbo2kFCasN0m2apg/Pn4Dwil0pennWuJ964zvZ8te1Pyt33cweQZlYzSqvYQ==",
      "requires": {
        "lodash-es": "^4.17.10"
      }
    },
    "@ckeditor/ckeditor5-vue": {
      "version": "1.0.1",
      "resolved": "https://registry.npmjs.org/@ckeditor/ckeditor5-vue/-/ckeditor5-vue-1.0.1.tgz",
      "integrity": "sha512-4MaQwZ04cWwqYW0732sg2aqx9ILeHIP0LSLKUuLCLR21qYONZPvxY/V/czh1DH99toaL/iwPvEoJtO2ldriPaA=="
    },
    "lodash-es": {
      "version": "4.17.15",
      "resolved": "https://registry.npmjs.org/lodash-es/-/lodash-es-4.17.15.tgz",
      "integrity": "sha512-rlrc3yU3+JNOpZ9zj5pQtxnx2THmvRykwL4Xlxoa8I9lHBlVbbyPhgyPMioxVZ4NqyxaVVtaJnzsyOidQIhyyQ=="
    }
  }
}
